
Microsoft Visual Studio Solution File, Format Version 12.00
# Visual Studio Version 17
VisualStudioVersion = 17.2.32516.85
MinimumVisualStudioVersion = 10.0.40219.1
Project("{FAE04EC0-301F-11D3-BF4B-00C04F79EFBC}") = "Carla_Sandoval_Casting", "Carla_Sandoval_Casting\Carla_Sandoval_Casting.csproj", "{E45A129A-1FA2-43C7-B3D0-CF955145BDF5}"
EndProject
Global
	GlobalSection(SolutionConfigurationPlatforms) = preSolution
		Debug|Any CPU = Debug|Any CPU
		Release|Any CPU = Release|Any CPU
	EndGlobalSection
	GlobalSection(ProjectConfigurationPlatforms) = postSolution
		{E45A129A-1FA2-43C7-B3D0-CF955145BDF5}.Debug|Any CPU.ActiveCfg = Debug|Any CPU
		{E45A129A-1FA2-43C7-B3D0-CF955145BDF5}.Debug|Any CPU.Build.0 = Debug|Any CPU
		{E45A129A-1FA2-43C7-B3D0-CF955145BDF5}.Release|Any CPU.ActiveCfg = Release|Any CPU
		{E45A129A-1FA2-43C7-B3D0-CF955145BDF5}.Release|Any CPU.Build.0 = Release|Any CPU
	EndGlobalSection
	GlobalSection(SolutionProperties) = preSolution
		HideSolutionNode = FALSE
	EndGlobalSection
	GlobalSection(ExtensibilityGlobals) = postSolution
		SolutionGuid = {88A2C4F9-D6D1-47B6-8397-51D8007B1803}
	EndGlobalSection
EndGlobal
